
Microsoft Visual Studio Solution File, Format Version 12.00
# Visual Studio Version 17
VisualStudioVersion = 17.7.34221.43
MinimumVisualStudioVersion = 10.0.40219.1
Project("{9A19103F-16F7-4668-BE54-9A1E7A4F7556}") = "Arvidsson_Mattias_Labration1", "Arvidsson_Mattias_Labration1\Arvidsson_Mattias_Labration1.csproj", "{06A74755-482D-4EFE-99F6-C9A20A73D58D}"
EndProject
Project("{2150E333-8FDC-42A3-9474-1A3956D46DE8}") = "Solution Items", "Solution Items", "{D2E8A583-AC66-4B36-AD47-17DE8ACE41E4}"
	ProjectSection(SolutionItems) = preProject
		.editorconfig = .editorconfig
	EndProjectSection
EndProject
Global
	GlobalSection(SolutionConfigurationPlatforms) = preSolution
		Debug|Any CPU = Debug|Any CPU
		Release|Any CPU = Release|Any CPU
	EndGlobalSection
	GlobalSection(ProjectConfigurationPlatforms) = postSolution
		{06A74755-482D-4EFE-99F6-C9A20A73D58D}.Debug|Any CPU.ActiveCfg = Debug|Any CPU
		{06A74755-482D-4EFE-99F6-C9A20A73D58D}.Debug|Any CPU.Build.0 = Debug|Any CPU
		{06A74755-482D-4EFE-99F6-C9A20A73D58D}.Release|Any CPU.ActiveCfg = Release|Any CPU
		{06A74755-482D-4EFE-99F6-C9A20A73D58D}.Release|Any CPU.Build.0 = Release|Any CPU
	EndGlobalSection
	GlobalSection(SolutionProperties) = preSolution
		HideSolutionNode = FALSE
	EndGlobalSection
	GlobalSection(ExtensibilityGlobals) = postSolution
		SolutionGuid = {2507FF00-494C-4168-AB79-517A48A9B911}
	EndGlobalSection
EndGlobal
